
Microsoft Visual Studio Solution File, Format Version 12.00
# Visual Studio Version 17
VisualStudioVersion = 17.11.35219.272
MinimumVisualStudioVersion = 10.0.40219.1
Project("{FAE04EC0-301F-11D3-BF4B-00C04F79EFBC}") = "eLibrary", "eLibrary\eLibrary.csproj", "{CFCCD7ED-052C-43CB-896F-0E1DE37D1F31}"
EndProject
Global
	GlobalSection(SolutionConfigurationPlatforms) = preSolution
		Debug|Any CPU = Debug|Any CPU
		Release|Any CPU = Release|Any CPU
	EndGlobalSection
	GlobalSection(ProjectConfigurationPlatforms) = postSolution
		{CFCCD7ED-052C-43CB-896F-0E1DE37D1F31}.Debug|Any CPU.ActiveCfg = Debug|Any CPU
		{CFCCD7ED-052C-43CB-896F-0E1DE37D1F31}.Debug|Any CPU.Build.0 = Debug|Any CPU
		{CFCCD7ED-052C-43CB-896F-0E1DE37D1F31}.Release|Any CPU.ActiveCfg = Release|Any CPU
		{CFCCD7ED-052C-43CB-896F-0E1DE37D1F31}.Release|Any CPU.Build.0 = Release|Any CPU
	EndGlobalSection
	GlobalSection(SolutionProperties) = preSolution
		HideSolutionNode = FALSE
	EndGlobalSection
	GlobalSection(ExtensibilityGlobals) = postSolution
		SolutionGuid = {093FA2A7-5409-422C-AD5E-ABFF5BCFD858}
	EndGlobalSection
EndGlobal
